{
  "name": "@jevko/jsonjevko.js",
  "lockfileVersion": 2,
  "requires": true,
  "packages": {
    "": {
      "devDependencies": {
        "jevkoutils.js": "github:jevko/jevkoutils.js#semver:0.1.4"
      }
    },
    "node_modules/jevkoutils.js": {
      "version": "0.1.4",
      "resolved": "git+ssh://git@github.com/jevko/jevkoutils.js.git#da85a22258650c0b406703254f5ccbdf95154556",
      "dev": true,
      "license": "MIT"
    }
  },
  "dependencies": {
    "jevkoutils.js": {
      "version": "git+ssh://git@github.com/jevko/jevkoutils.js.git#da85a22258650c0b406703254f5ccbdf95154556",
      "dev": true,
      "from": "jevkoutils.js@github:jevko/jevkoutils.js#semver:0.1.4"
    }
  }
}
